// !$*UTF8*$!
{
	archiveVersion = 1;
	classes = {
	};
	objectVersion = 55;
	objects = {

/* Begin PBXBuildFile section */
		444E284D27472E7400C52552 /* 400HFirstRound.csv in Resources */ = {isa = PBXBuildFile; fileRef = 444E283927472E7300C52552 /* 400HFirstRound.csv */; };
		444E284E27472E7400C52552 /* 4x400FirstRound.csv in Resources */ = {isa = PBXBuildFile; fileRef = 444E283A27472E7300C52552 /* 4x400FirstRound.csv */; };
		444E284F27472E7400C52552 /* DiscusFirstRound.csv in Resources */ = {isa = PBXBuildFile; fileRef = 444E283B27472E7300C52552 /* DiscusFirstRound.csv */; };
		444E285027472E7400C52552 /* ShotPutFirstRound.csv in Resources */ = {isa = PBXBuildFile; fileRef = 444E283C27472E7300C52552 /* ShotPutFirstRound.csv */; };
		444E285127472E7400C52552 /* 5kFirstRound.csv in Resources */ = {isa = PBXBuildFile; fileRef = 444E283D27472E7300C52552 /* 5kFirstRound.csv */; };
		444E285227472E7400C52552 /* 10kFirstRound.csv in Resources */ = {isa = PBXBuildFile; fileRef = 444E283E27472E7300C52552 /* 10kFirstRound.csv */; };
		444E285327472E7400C52552 /* 200FirstRound.csv in Resources */ = {isa = PBXBuildFile; fileRef = 444E283F27472E7300C52552 /* 200FirstRound.csv */; };
		444E285427472E7400C52552 /* 110HFirstRound.csv in Resources */ = {isa = PBXBuildFile; fileRef = 444E284027472E7300C52552 /* 110HFirstRound.csv */; };
		444E285527472E7400C52552 /* SteepleFirstRound.csv in Resources */ = {isa = PBXBuildFile; fileRef = 444E284127472E7300C52552 /* SteepleFirstRound.csv */; };
		444E285627472E7400C52552 /* TripleJumpFirstRound.csv in Resources */ = {isa = PBXBuildFile; fileRef = 444E284227472E7300C52552 /* TripleJumpFirstRound.csv */; };
		444E285727472E7400C52552 /* 400FirstRound.csv in Resources */ = {isa = PBXBuildFile; fileRef = 444E284327472E7300C52552 /* 400FirstRound.csv */; };
		444E285827472E7400C52552 /* JavelinFirstRound.csv in Resources */ = {isa = PBXBuildFile; fileRef = 444E284427472E7300C52552 /* JavelinFirstRound.csv */; };
		444E285927472E7400C52552 /* 1500FirstRound.csv in Resources */ = {isa = PBXBuildFile; fileRef = 444E284527472E7300C52552 /* 1500FirstRound.csv */; };
		444E285A27472E7400C52552 /* HammerThrowFirstRound.csv in Resources */ = {isa = PBXBuildFile; fileRef = 444E284627472E7300C52552 /* HammerThrowFirstRound.csv */; };
		444E285B27472E7400C52552 /* HighJumpFirstRound.csv in Resources */ = {isa = PBXBuildFile; fileRef = 444E284727472E7300C52552 /* HighJumpFirstRound.csv */; };
		444E285C27472E7400C52552 /* 800FirstRound.csv in Resources */ = {isa = PBXBuildFile; fileRef = 444E284827472E7400C52552 /* 800FirstRound.csv */; };
		444E285D27472E7400C52552 /* 4x100FirstRound.csv in Resources */ = {isa = PBXBuildFile; fileRef = 444E284927472E7400C52552 /* 4x100FirstRound.csv */; };
		444E285E27472E7400C52552 /* 100FirstRound.csv in Resources */ = {isa = PBXBuildFile; fileRef = 444E284A27472E7400C52552 /* 100FirstRound.csv */; };
		444E285F27472E7400C52552 /* LongJumpFirstRound.csv in Resources */ = {isa = PBXBuildFile; fileRef = 444E284B27472E7400C52552 /* LongJumpFirstRound.csv */; };
		444E286027472E7400C52552 /* PoleVaultFirstRound.csv in Resources */ = {isa = PBXBuildFile; fileRef = 444E284C27472E7400C52552 /* PoleVaultFirstRound.csv */; };
		448803FD2734A7340068DD76 /* TrackerApp.swift in Sources */ = {isa = PBXBuildFile; fileRef = 448803FC2734A7340068DD76 /* TrackerApp.swift */; };
		448803FF2734A7340068DD76 /* ContentView.swift in Sources */ = {isa = PBXBuildFile; fileRef = 448803FE2734A7340068DD76 /* ContentView.swift */; };
		448804012734A7360068DD76 /* Assets.xcassets in Resources */ = {isa = PBXBuildFile; fileRef = 448804002734A7360068DD76 /* Assets.xcassets */; };
		448804042734A7360068DD76 /* Preview Assets.xcassets in Resources */ = {isa = PBXBuildFile; fileRef = 448804032734A7360068DD76 /* Preview Assets.xcassets */; };
		44E3942F273B127E00BC115D /* Results.swift in Sources */ = {isa = PBXBuildFile; fileRef = 44E3942E273B127E00BC115D /* Results.swift */; };
		44E39431273B141400BC115D /* EventResultRow.swift in Sources */ = {isa = PBXBuildFile; fileRef = 44E39430273B141400BC115D /* EventResultRow.swift */; };
		44E39433273C42CB00BC115D /* YearlyResultRow.swift in Sources */ = {isa = PBXBuildFile; fileRef = 44E39432273C42CB00BC115D /* YearlyResultRow.swift */; };
		44E39435273C5D2F00BC115D /* CalculateButton.swift in Sources */ = {isa = PBXBuildFile; fileRef = 44E39434273C5D2F00BC115D /* CalculateButton.swift */; };
		44E39439273C61DF00BC115D /* ResultInput.swift in Sources */ = {isa = PBXBuildFile; fileRef = 44E39438273C61DF00BC115D /* ResultInput.swift */; };
		44E3943B273D9A9300BC115D /* Event.swift in Sources */ = {isa = PBXBuildFile; fileRef = 44E3943A273D9A9300BC115D /* Event.swift */; };
		44E820DF27358C1600C853B0 /* OptionsSelection.swift in Sources */ = {isa = PBXBuildFile; fileRef = 44E820DE27358C1600C853B0 /* OptionsSelection.swift */; };
		44E820E12735FC9300C853B0 /* EventPicker.swift in Sources */ = {isa = PBXBuildFile; fileRef = 44E820E02735FC9300C853B0 /* EventPicker.swift */; };
		44F8E33E274095320009A23E /* Result.swift in Sources */ = {isa = PBXBuildFile; fileRef = 44F8E33D274095320009A23E /* Result.swift */; };
/* End PBXBuildFile section */

/* Begin PBXFileReference section */
		444E283927472E7300C52552 /* 400HFirstRound.csv */ = {isa = PBXFileReference; fileEncoding = 4; lastKnownFileType = text; path = 400HFirstRound.csv; sourceTree = "<group>"; };
		444E283A27472E7300C52552 /* 4x400FirstRound.csv */ = {isa = PBXFileReference; fileEncoding = 4; lastKnownFileType = text; path = 4x400FirstRound.csv; sourceTree = "<group>"; };
		444E283B27472E7300C52552 /* DiscusFirstRound.csv */ = {isa = PBXFileReference; fileEncoding = 4; lastKnownFileType = text; path = DiscusFirstRound.csv; sourceTree = "<group>"; };
		444E283C27472E7300C52552 /* ShotPutFirstRound.csv */ = {isa = PBXFileReference; fileEncoding = 4; lastKnownFileType = text; path = ShotPutFirstRound.csv; sourceTree = "<group>"; };
		444E283D27472E7300C52552 /* 5kFirstRound.csv */ = {isa = PBXFileReference; fileEncoding = 4; lastKnownFileType = text; path = 5kFirstRound.csv; sourceTree = "<group>"; };
		444E283E27472E7300C52552 /* 10kFirstRound.csv */ = {isa = PBXFileReference; fileEncoding = 4; lastKnownFileType = text; path = 10kFirstRound.csv; sourceTree = "<group>"; };
		444E283F27472E7300C52552 /* 200FirstRound.csv */ = {isa = PBXFileReference; fileEncoding = 4; lastKnownFileType = text; path = 200FirstRound.csv; sourceTree = "<group>"; };
		444E284027472E7300C52552 /* 110HFirstRound.csv */ = {isa = PBXFileReference; fileEncoding = 4; lastKnownFileType = text; path = 110HFirstRound.csv; sourceTree = "<group>"; };
		444E284127472E7300C52552 /* SteepleFirstRound.csv */ = {isa = PBXFileReference; fileEncoding = 4; lastKnownFileType = text; name = SteepleFirstRound.csv; path = "../../../TrackConnect-Origin/NCAA-XC-Table/SteepleFirstRound.csv"; sourceTree = "<group>"; };
		444E284227472E7300C52552 /* TripleJumpFirstRound.csv */ = {isa = PBXFileReference; fileEncoding = 4; lastKnownFileType = text; path = TripleJumpFirstRound.csv; sourceTree = "<group>"; };
		444E284327472E7300C52552 /* 400FirstRound.csv */ = {isa = PBXFileReference; fileEncoding = 4; lastKnownFileType = text; path = 400FirstRound.csv; sourceTree = "<group>"; };
		444E284427472E7300C52552 /* JavelinFirstRound.csv */ = {isa = PBXFileReference; fileEncoding = 4; lastKnownFileType = text; path = JavelinFirstRound.csv; sourceTree = "<group>"; };
		444E284527472E7300C52552 /* 1500FirstRound.csv */ = {isa = PBXFileReference; fileEncoding = 4; lastKnownFileType = text; path = 1500FirstRound.csv; sourceTree = "<group>"; };
		444E284627472E7300C52552 /* HammerThrowFirstRound.csv */ = {isa = PBXFileReference; fileEncoding = 4; lastKnownFileType = text; path = HammerThrowFirstRound.csv; sourceTree = "<group>"; };
		444E284727472E7300C52552 /* HighJumpFirstRound.csv */ = {isa = PBXFileReference; fileEncoding = 4; lastKnownFileType = text; path = HighJumpFirstRound.csv; sourceTree = "<group>"; };
		444E284827472E7400C52552 /* 800FirstRound.csv */ = {isa = PBXFileReference; fileEncoding = 4; lastKnownFileType = text; path = 800FirstRound.csv; sourceTree = "<group>"; };
		444E284927472E7400C52552 /* 4x100FirstRound.csv */ = {isa = PBXFileReference; fileEncoding = 4; lastKnownFileType = text; path = 4x100FirstRound.csv; sourceTree = "<group>"; };
		444E284A27472E7400C52552 /* 100FirstRound.csv */ = {isa = PBXFileReference; fileEncoding = 4; lastKnownFileType = text; path = 100FirstRound.csv; sourceTree = "<group>"; };
		444E284B27472E7400C52552 /* LongJumpFirstRound.csv */ = {isa = PBXFileReference; fileEncoding = 4; lastKnownFileType = text; path = LongJumpFirstRound.csv; sourceTree = "<group>"; };
		444E284C27472E7400C52552 /* PoleVaultFirstRound.csv */ = {isa = PBXFileReference; fileEncoding = 4; lastKnownFileType = text; path = PoleVaultFirstRound.csv; sourceTree = "<group>"; };
		448803F92734A7340068DD76 /* TrackerApp.app */ = {isa = PBXFileReference; explicitFileType = wrapper.application; includeInIndex = 0; path = TrackerApp.app; sourceTree = BUILT_PRODUCTS_DIR; };
		448803FC2734A7340068DD76 /* TrackerApp.swift */ = {isa = PBXFileReference; lastKnownFileType = sourcecode.swift; path = TrackerApp.swift; sourceTree = "<group>"; };
		448803FE2734A7340068DD76 /* ContentView.swift */ = {isa = PBXFileReference; lastKnownFileType = sourcecode.swift; path = ContentView.swift; sourceTree = "<group>"; };
		448804002734A7360068DD76 /* Assets.xcassets */ = {isa = PBXFileReference; lastKnownFileType = folder.assetcatalog; path = Assets.xcassets; sourceTree = "<group>"; };
		448804032734A7360068DD76 /* Preview Assets.xcassets */ = {isa = PBXFileReference; lastKnownFileType = folder.assetcatalog; path = "Preview Assets.xcassets"; sourceTree = "<group>"; };
		44E3942E273B127E00BC115D /* Results.swift */ = {isa = PBXFileReference; lastKnownFileType = sourcecode.swift; path = Results.swift; sourceTree = "<group>"; };
		44E39430273B141400BC115D /* EventResultRow.swift */ = {isa = PBXFileReference; lastKnownFileType = sourcecode.swift; path = EventResultRow.swift; sourceTree = "<group>"; };
		44E39432273C42CB00BC115D /* YearlyResultRow.swift */ = {isa = PBXFileReference; lastKnownFileType = sourcecode.swift; path = YearlyResultRow.swift; sourceTree = "<group>"; };
		44E39434273C5D2F00BC115D /* CalculateButton.swift */ = {isa = PBXFileReference; lastKnownFileType = sourcecode.swift; path = CalculateButton.swift; sourceTree = "<group>"; };
		44E39438273C61DF00BC115D /* ResultInput.swift */ = {isa = PBXFileReference; lastKnownFileType = sourcecode.swift; path = ResultInput.swift; sourceTree = "<group>"; };
		44E3943A273D9A9300BC115D /* Event.swift */ = {isa = PBXFileReference; lastKnownFileType = sourcecode.swift; path = Event.swift; sourceTree = "<group>"; };
		44E820DE27358C1600C853B0 /* OptionsSelection.swift */ = {isa = PBXFileReference; lastKnownFileType = sourcecode.swift; path = OptionsSelection.swift; sourceTree = "<group>"; };
		44E820E02735FC9300C853B0 /* EventPicker.swift */ = {isa = PBXFileReference; lastKnownFileType = sourcecode.swift; path = EventPicker.swift; sourceTree = "<group>"; };
		44F8E33D274095320009A23E /* Result.swift */ = {isa = PBXFileReference; lastKnownFileType = sourcecode.swift; path = Result.swift; sourceTree = "<group>"; };
/* End PBXFileReference section */

/* Begin PBXFrameworksBuildPhase section */
		448803F62734A7340068DD76 /* Frameworks */ = {
			isa = PBXFrameworksBuildPhase;
			buildActionMask = 2147483647;
			files = (
			);
			runOnlyForDeploymentPostprocessing = 0;
		};
/* End PBXFrameworksBuildPhase section */

/* Begin PBXGroup section */
		448803F02734A7340068DD76 = {
			isa = PBXGroup;
			children = (
				448803FB2734A7340068DD76 /* TrackerApp */,
				448803FA2734A7340068DD76 /* Products */,
			);
			sourceTree = "<group>";
		};
		448803FA2734A7340068DD76 /* Products */ = {
			isa = PBXGroup;
			children = (
				448803F92734A7340068DD76 /* TrackerApp.app */,
			);
			name = Products;
			sourceTree = "<group>";
		};
		448803FB2734A7340068DD76 /* TrackerApp */ = {
			isa = PBXGroup;
			children = (
				448803FC2734A7340068DD76 /* TrackerApp.swift */,
				448803FE2734A7340068DD76 /* ContentView.swift */,
				44E39437273C61A100BC115D /* Selections */,
				44E39436273C619400BC115D /* Results */,
				44F8E33F2740991A0009A23E /* Model */,
				44C6CB162745AED20061687D /* Resources */,
				448804002734A7360068DD76 /* Assets.xcassets */,
				448804022734A7360068DD76 /* Preview Content */,
			);
			path = TrackerApp;
			sourceTree = "<group>";
		};
		448804022734A7360068DD76 /* Preview Content */ = {
			isa = PBXGroup;
			children = (
				448804032734A7360068DD76 /* Preview Assets.xcassets */,
			);
			path = "Preview Content";
			sourceTree = "<group>";
		};
		44C6CB162745AED20061687D /* Resources */ = {
			isa = PBXGroup;
			children = (
				444E284A27472E7400C52552 /* 100FirstRound.csv */,
				444E284027472E7300C52552 /* 110HFirstRound.csv */,
				444E283F27472E7300C52552 /* 200FirstRound.csv */,
				444E284327472E7300C52552 /* 400FirstRound.csv */,
				444E283927472E7300C52552 /* 400HFirstRound.csv */,
				444E284827472E7400C52552 /* 800FirstRound.csv */,
				444E284527472E7300C52552 /* 1500FirstRound.csv */,
				444E284127472E7300C52552 /* SteepleFirstRound.csv */,
				444E283D27472E7300C52552 /* 5kFirstRound.csv */,
				444E283E27472E7300C52552 /* 10kFirstRound.csv */,
				444E284927472E7400C52552 /* 4x100FirstRound.csv */,
				444E283A27472E7300C52552 /* 4x400FirstRound.csv */,
				444E283B27472E7300C52552 /* DiscusFirstRound.csv */,
				444E284627472E7300C52552 /* HammerThrowFirstRound.csv */,
				444E284727472E7300C52552 /* HighJumpFirstRound.csv */,
				444E284427472E7300C52552 /* JavelinFirstRound.csv */,
				444E284B27472E7400C52552 /* LongJumpFirstRound.csv */,
				444E284227472E7300C52552 /* TripleJumpFirstRound.csv */,
				444E284C27472E7400C52552 /* PoleVaultFirstRound.csv */,
				444E283C27472E7300C52552 /* ShotPutFirstRound.csv */,
			);
			path = Resources;
			sourceTree = "<group>";
		};
		44E39436273C619400BC115D /* Results */ = {
			isa = PBXGroup;
			children = (
				44E3942E273B127E00BC115D /* Results.swift */,
				44E39430273B141400BC115D /* EventResultRow.swift */,
				44E39432273C42CB00BC115D /* YearlyResultRow.swift */,
			);
			path = Results;
			sourceTree = "<group>";
		};
		44E39437273C61A100BC115D /* Selections */ = {
			isa = PBXGroup;
			children = (
				44E820DE27358C1600C853B0 /* OptionsSelection.swift */,
				44E820E02735FC9300C853B0 /* EventPicker.swift */,
				44E39434273C5D2F00BC115D /* CalculateButton.swift */,
				44E39438273C61DF00BC115D /* ResultInput.swift */,
			);
			path = Selections;
			sourceTree = "<group>";
		};
		44F8E33F2740991A0009A23E /* Model */ = {
			isa = PBXGroup;
			children = (
				44E3943A273D9A9300BC115D /* Event.swift */,
				44F8E33D274095320009A23E /* Result.swift */,
			);
			path = Model;
			sourceTree = "<group>";
		};
/* End PBXGroup section */

/* Begin PBXNativeTarget section */
		448803F82734A7340068DD76 /* TrackerApp */ = {
			isa = PBXNativeTarget;
			buildConfigurationList = 448804072734A7360068DD76 /* Build configuration list for PBXNativeTarget "TrackerApp" */;
			buildPhases = (
				448803F52734A7340068DD76 /* Sources */,
				448803F62734A7340068DD76 /* Frameworks */,
				448803F72734A7340068DD76 /* Resources */,
			);
			buildRules = (
			);
			dependencies = (
			);
			name = TrackerApp;
			productName = TrackerApp;
			productReference = 448803F92734A7340068DD76 /* TrackerApp.app */;
			productType = "com.apple.product-type.application";
		};
/* End PBXNativeTarget section */

/* Begin PBXProject section */
		448803F12734A7340068DD76 /* Project object */ = {
			isa = PBXProject;
			attributes = {
				BuildIndependentTargetsInParallel = 1;
				LastSwiftUpdateCheck = 1310;
				LastUpgradeCheck = 1310;
				TargetAttributes = {
					448803F82734A7340068DD76 = {
						CreatedOnToolsVersion = 13.1;
					};
				};
			};
			buildConfigurationList = 448803F42734A7340068DD76 /* Build configuration list for PBXProject "TrackerApp" */;
			compatibilityVersion = "Xcode 13.0";
			developmentRegion = en;
			hasScannedForEncodings = 0;
			knownRegions = (
				en,
				Base,
			);
			mainGroup = 448803F02734A7340068DD76;
			productRefGroup = 448803FA2734A7340068DD76 /* Products */;
			projectDirPath = "";
			projectRoot = "";
			targets = (
				448803F82734A7340068DD76 /* TrackerApp */,
			);
		};
/* End PBXProject section */

/* Begin PBXResourcesBuildPhase section */
		448803F72734A7340068DD76 /* Resources */ = {
			isa = PBXResourcesBuildPhase;
			buildActionMask = 2147483647;
			files = (
				444E284E27472E7400C52552 /* 4x400FirstRound.csv in Resources */,
				444E285527472E7400C52552 /* SteepleFirstRound.csv in Resources */,
				444E285D27472E7400C52552 /* 4x100FirstRound.csv in Resources */,
				444E285C27472E7400C52552 /* 800FirstRound.csv in Resources */,
				444E285927472E7400C52552 /* 1500FirstRound.csv in Resources */,
				444E284D27472E7400C52552 /* 400HFirstRound.csv in Resources */,
				444E285627472E7400C52552 /* TripleJumpFirstRound.csv in Resources */,
				444E285127472E7400C52552 /* 5kFirstRound.csv in Resources */,
				444E286027472E7400C52552 /* PoleVaultFirstRound.csv in Resources */,
				444E285B27472E7400C52552 /* HighJumpFirstRound.csv in Resources */,
				444E285027472E7400C52552 /* ShotPutFirstRound.csv in Resources */,
				448804042734A7360068DD76 /* Preview Assets.xcassets in Resources */,
				444E285E27472E7400C52552 /* 100FirstRound.csv in Resources */,
				444E285227472E7400C52552 /* 10kFirstRound.csv in Resources */,
				444E285F27472E7400C52552 /* LongJumpFirstRound.csv in Resources */,
				448804012734A7360068DD76 /* Assets.xcassets in Resources */,
				444E285427472E7400C52552 /* 110HFirstRound.csv in Resources */,
				444E284F27472E7400C52552 /* DiscusFirstRound.csv in Resources */,
				444E285827472E7400C52552 /* JavelinFirstRound.csv in Resources */,
				444E285327472E7400C52552 /* 200FirstRound.csv in Resources */,
				444E285A27472E7400C52552 /* HammerThrowFirstRound.csv in Resources */,
				444E285727472E7400C52552 /* 400FirstRound.csv in Resources */,
			);
			runOnlyForDeploymentPostprocessing = 0;
		};
/* End PBXResourcesBuildPhase section */

/* Begin PBXSourcesBuildPhase section */
		448803F52734A7340068DD76 /* Sources */ = {
			isa = PBXSourcesBuildPhase;
			buildActionMask = 2147483647;
			files = (
				44E820E12735FC9300C853B0 /* EventPicker.swift in Sources */,
				44E3943B273D9A9300BC115D /* Event.swift in Sources */,
				44E39433273C42CB00BC115D /* YearlyResultRow.swift in Sources */,
				44E3942F273B127E00BC115D /* Results.swift in Sources */,
				44E820DF27358C1600C853B0 /* OptionsSelection.swift in Sources */,
				44E39439273C61DF00BC115D /* ResultInput.swift in Sources */,
				448803FF2734A7340068DD76 /* ContentView.swift in Sources */,
				448803FD2734A7340068DD76 /* TrackerApp.swift in Sources */,
				44E39435273C5D2F00BC115D /* CalculateButton.swift in Sources */,
				44E39431273B141400BC115D /* EventResultRow.swift in Sources */,
				44F8E33E274095320009A23E /* Result.swift in Sources */,
			);
			runOnlyForDeploymentPostprocessing = 0;
		};
/* End PBXSourcesBuildPhase section */

/* Begin XCBuildConfiguration section */
		448804052734A7360068DD76 /* Debug */ = {
			isa = XCBuildConfiguration;
			buildSettings = {
				ALWAYS_SEARCH_USER_PATHS = NO;
				CLANG_ANALYZER_NONNULL = YES;
				CLANG_ANALYZER_NUMBER_OBJECT_CONVERSION = YES_AGGRESSIVE;
				CLANG_CXX_LANGUAGE_STANDARD = "gnu++17";
				CLANG_CXX_LIBRARY = "libc++";
				CLANG_ENABLE_MODULES = YES;
				CLANG_ENABLE_OBJC_ARC = YES;
				CLANG_ENABLE_OBJC_WEAK = YES;
				CLANG_WARN_BLOCK_CAPTURE_AUTORELEASING = YES;
				CLANG_WARN_BOOL_CONVERSION = YES;
				CLANG_WARN_COMMA = YES;
				CLANG_WARN_CONSTANT_CONVERSION = YES;
				CLANG_WARN_DEPRECATED_OBJC_IMPLEMENTATIONS = YES;
				CLANG_WARN_DIRECT_OBJC_ISA_USAGE = YES_ERROR;
				CLANG_WARN_DOCUMENTATION_COMMENTS = YES;
				CLANG_WARN_EMPTY_BODY = YES;
				CLANG_WARN_ENUM_CONVERSION = YES;
				CLANG_WARN_INFINITE_RECURSION = YES;
				CLANG_WARN_INT_CONVERSION = YES;
				CLANG_WARN_NON_LITERAL_NULL_CONVERSION = YES;
				CLANG_WARN_OBJC_IMPLICIT_RETAIN_SELF = YES;
				CLANG_WARN_OBJC_LITERAL_CONVERSION = YES;
				CLANG_WARN_OBJC_ROOT_CLASS = YES_ERROR;
				CLANG_WARN_QUOTED_INCLUDE_IN_FRAMEWORK_HEADER = YES;
				CLANG_WARN_RANGE_LOOP_ANALYSIS = YES;
				CLANG_WARN_STRICT_PROTOTYPES = YES;
				CLANG_WARN_SUSPICIOUS_MOVE = YES;
				CLANG_WARN_UNGUARDED_AVAILABILITY = YES_AGGRESSIVE;
				CLANG_WARN_UNREACHABLE_CODE = YES;
				CLANG_WARN__DUPLICATE_METHOD_MATCH = YES;
				COPY_PHASE_STRIP = NO;
				DEBUG_INFORMATION_FORMAT = dwarf;
				ENABLE_STRICT_OBJC_MSGSEND = YES;
				ENABLE_TESTABILITY = YES;
				GCC_C_LANGUAGE_STANDARD = gnu11;
				GCC_DYNAMIC_NO_PIC = NO;
				GCC_NO_COMMON_BLOCKS = YES;
				GCC_OPTIMIZATION_LEVEL = 0;
				GCC_PREPROCESSOR_DEFINITIONS = (
					"DEBUG=1",
					"$(inherited)",
				);
				GCC_WARN_64_TO_32_BIT_CONVERSION = YES;
				GCC_WARN_ABOUT_RETURN_TYPE = YES_ERROR;
				GCC_WARN_UNDECLARED_SELECTOR = YES;
				GCC_WARN_UNINITIALIZED_AUTOS = YES_AGGRESSIVE;
				GCC_WARN_UNUSED_FUNCTION = YES;
				GCC_WARN_UNUSED_VARIABLE = YES;
				IPHONEOS_DEPLOYMENT_TARGET = 15.0;
				MTL_ENABLE_DEBUG_INFO = INCLUDE_SOURCE;
				MTL_FAST_MATH = YES;
				ONLY_ACTIVE_ARCH = YES;
				SDKROOT = iphoneos;
				SWIFT_ACTIVE_COMPILATION_CONDITIONS = DEBUG;
				SWIFT_OPTIMIZATION_LEVEL = "-Onone";
			};
			name = Debug;
		};
		448804062734A7360068DD76 /* Release */ = {
			isa = XCBuildConfiguration;
			buildSettings = {
				ALWAYS_SEARCH_USER_PATHS = NO;
				CLANG_ANALYZER_NONNULL = YES;
				CLANG_ANALYZER_NUMBER_OBJECT_CONVERSION = YES_AGGRESSIVE;
				CLANG_CXX_LANGUAGE_STANDARD = "gnu++17";
				CLANG_CXX_LIBRARY = "libc++";
				CLANG_ENABLE_MODULES = YES;
				CLANG_ENABLE_OBJC_ARC = YES;
				CLANG_ENABLE_OBJC_WEAK = YES;
				CLANG_WARN_BLOCK_CAPTURE_AUTORELEASING = YES;
				CLANG_WARN_BOOL_CONVERSION = YES;
				CLANG_WARN_COMMA = YES;
				CLANG_WARN_CONSTANT_CONVERSION = YES;
				CLANG_WARN_DEPRECATED_OBJC_IMPLEMENTATIONS = YES;
				CLANG_WARN_DIRECT_OBJC_ISA_USAGE = YES_ERROR;
				CLANG_WARN_DOCUMENTATION_COMMENTS = YES;
				CLANG_WARN_EMPTY_BODY = YES;
				CLANG_WARN_ENUM_CONVERSION = YES;
				CLANG_WARN_INFINITE_RECURSION = YES;
				CLANG_WARN_INT_CONVERSION = YES;
				CLANG_WARN_NON_LITERAL_NULL_CONVERSION = YES;
				CLANG_WARN_OBJC_IMPLICIT_RETAIN_SELF = YES;
				CLANG_WARN_OBJC_LITERAL_CONVERSION = YES;
				CLANG_WARN_OBJC_ROOT_CLASS = YES_ERROR;
				CLANG_WARN_QUOTED_INCLUDE_IN_FRAMEWORK_HEADER = YES;
				CLANG_WARN_RANGE_LOOP_ANALYSIS = YES;
				CLANG_WARN_STRICT_PROTOTYPES = YES;
				CLANG_WARN_SUSPICIOUS_MOVE = YES;
				CLANG_WARN_UNGUARDED_AVAILABILITY = YES_AGGRESSIVE;
				CLANG_WARN_UNREACHABLE_CODE = YES;
				CLANG_WARN__DUPLICATE_METHOD_MATCH = YES;
				COPY_PHASE_STRIP = NO;
				DEBUG_INFORMATION_FORMAT = "dwarf-with-dsym";
				ENABLE_NS_ASSERTIONS = NO;
				ENABLE_STRICT_OBJC_MSGSEND = YES;
				GCC_C_LANGUAGE_STANDARD = gnu11;
				GCC_NO_COMMON_BLOCKS = YES;
				GCC_WARN_64_TO_32_BIT_CONVERSION = YES;
				GCC_WARN_ABOUT_RETURN_TYPE = YES_ERROR;
				GCC_WARN_UNDECLARED_SELECTOR = YES;
				GCC_WARN_UNINITIALIZED_AUTOS = YES_AGGRESSIVE;
				GCC_WARN_UNUSED_FUNCTION = YES;
				GCC_WARN_UNUSED_VARIABLE = YES;
				IPHONEOS_DEPLOYMENT_TARGET = 15.0;
				MTL_ENABLE_DEBUG_INFO = NO;
				MTL_FAST_MATH = YES;
				SDKROOT = iphoneos;
				SWIFT_COMPILATION_MODE = wholemodule;
				SWIFT_OPTIMIZATION_LEVEL = "-O";
				VALIDATE_PRODUCT = YES;
			};
			name = Release;
		};
		448804082734A7360068DD76 /* Debug */ = {
			isa = XCBuildConfiguration;
			buildSettings = {
				ASSETCATALOG_COMPILER_APPICON_NAME = AppIcon;
				ASSETCATALOG_COMPILER_GLOBAL_ACCENT_COLOR_NAME = AccentColor;
				CODE_SIGN_STYLE = Automatic;
				CURRENT_PROJECT_VERSION = 1;
				DEVELOPMENT_ASSET_PATHS = "\"TrackerApp/Preview Content\"";
				ENABLE_PREVIEWS = YES;
				GENERATE_INFOPLIST_FILE = YES;
				INFOPLIST_KEY_UIApplicationSceneManifest_Generation = YES;
				INFOPLIST_KEY_UIApplicationSupportsIndirectInputEvents = YES;
				INFOPLIST_KEY_UILaunchScreen_Generation = YES;
				INFOPLIST_KEY_UISupportedInterfaceOrientations_iPad = "UIInterfaceOrientationPortrait UIInterfaceOrientationPortraitUpsideDown UIInterfaceOrientationLandscapeLeft UIInterfaceOrientationLandscapeRight";
				INFOPLIST_KEY_UISupportedInterfaceOrientations_iPhone = "UIInterfaceOrientationPortrait UIInterfaceOrientationLandscapeLeft UIInterfaceOrientationLandscapeRight";
				LD_RUNPATH_SEARCH_PATHS = (
					"$(inherited)",
					"@executable_path/Frameworks",
				);
				MARKETING_VERSION = 1.0;
				PRODUCT_BUNDLE_IDENTIFIER = test.warehousesports.TrackerApp;
				PRODUCT_NAME = "$(TARGET_NAME)";
				SWIFT_EMIT_LOC_STRINGS = YES;
				SWIFT_VERSION = 5.0;
				TARGETED_DEVICE_FAMILY = "1,2";
			};
			name = Debug;
		};
		448804092734A7360068DD76 /* Release */ = {
			isa = XCBuildConfiguration;
			buildSettings = {
				ASSETCATALOG_COMPILER_APPICON_NAME = AppIcon;
				ASSETCATALOG_COMPILER_GLOBAL_ACCENT_COLOR_NAME = AccentColor;
				CODE_SIGN_STYLE = Automatic;
				CURRENT_PROJECT_VERSION = 1;
				DEVELOPMENT_ASSET_PATHS = "\"TrackerApp/Preview Content\"";
				ENABLE_PREVIEWS = YES;
				GENERATE_INFOPLIST_FILE = YES;
				INFOPLIST_KEY_UIApplicationSceneManifest_Generation = YES;
				INFOPLIST_KEY_UIApplicationSupportsIndirectInputEvents = YES;
				INFOPLIST_KEY_UILaunchScreen_Generation = YES;
				INFOPLIST_KEY_UISupportedInterfaceOrientations_iPad = "UIInterfaceOrientationPortrait UIInterfaceOrientationPortraitUpsideDown UIInterfaceOrientationLandscapeLeft UIInterfaceOrientationLandscapeRight";
				INFOPLIST_KEY_UISupportedInterfaceOrientations_iPhone = "UIInterfaceOrientationPortrait UIInterfaceOrientationLandscapeLeft UIInterfaceOrientationLandscapeRight";
				LD_RUNPATH_SEARCH_PATHS = (
					"$(inherited)",
					"@executable_path/Frameworks",
				);
				MARKETING_VERSION = 1.0;
				PRODUCT_BUNDLE_IDENTIFIER = test.warehousesports.TrackerApp;
				PRODUCT_NAME = "$(TARGET_NAME)";
				SWIFT_EMIT_LOC_STRINGS = YES;
				SWIFT_VERSION = 5.0;
				TARGETED_DEVICE_FAMILY = "1,2";
			};
			name = Release;
		};
/* End XCBuildConfiguration section */

/* Begin XCConfigurationList section */
		448803F42734A7340068DD76 /* Build configuration list for PBXProject "TrackerApp" */ = {
			isa = XCConfigurationList;
			buildConfigurations = (
				448804052734A7360068DD76 /* Debug */,
				448804062734A7360068DD76 /* Release */,
			);
			defaultConfigurationIsVisible = 0;
			defaultConfigurationName = Release;
		};
		448804072734A7360068DD76 /* Build configuration list for PBXNativeTarget "TrackerApp" */ = {
			isa = XCConfigurationList;
			buildConfigurations = (
				448804082734A7360068DD76 /* Debug */,
				448804092734A7360068DD76 /* Release */,
			);
			defaultConfigurationIsVisible = 0;
			defaultConfigurationName = Release;
		};
/* End XCConfigurationList section */
	};
	rootObject = 448803F12734A7340068DD76 /* Project object */;
}
